# Fully pinned dependency set for linux/x86_64, Python 3.11.
# Resolved from torch 2.13.0's own exact requirements; markers keep the
# CUDA wheels off other platforms. CI installs the same torch version from
# the CPU wheel index instead (see .github/workflows/ci.yml and README).
torch==2.13.0
filelock==3.32.2
fsspec==2026.7.0
Jinja2==3.1.6
MarkupSafe==3.0.3
mpmath==1.3.0
networkx==3.6.1
setuptools==83.0.0
sympy==1.14.0
typing_extensions==4.16.0

# CUDA runtime, bundled as wheels; exact pins from torch's metadata.
nvidia-cudnn-cu13==9.20.0.48; platform_system == "Linux"
nvidia-cusparselt-cu13==0.8.1; platform_system == "Linux"
nvidia-nccl-cu13==2.29.7; platform_system == "Linux"
nvidia-nvshmem-cu13==3.4.5; platform_system == "Linux"
triton==3.7.1; platform_system == "Linux"
